
Microsoft Visual Studio Solution File, Format Version 12.00
# Visual Studio 15
VisualStudioVersion = 15.0.28307.168
MinimumVisualStudioVersion = 10.0.40219.1
Project("{FAE04EC0-301F-11D3-BF4B-00C04F79EFBC}") = "CampgroundCLI", "CampgroundCLI\CampgroundCLI.csproj", "{C0E7E6AA-9D22-478A-8AEB-6FB3C3C6A635}"
EndProject
Project("{FAE04EC0-301F-11D3-BF4B-00C04F79EFBC}") = "Campground", "Campground\Campground.csproj", "{6C1F29A5-9331-47F2-BA6A-283F90089A46}"
EndProject
Project("{FAE04EC0-301F-11D3-BF4B-00C04F79EFBC}") = "CampgroundTests", "CampgroundTests\CampgroundTests.csproj", "{8B2F7DE3-8F79-49C5-A05D-2724E184A1DE}"
EndProject
Global
	GlobalSection(SolutionConfigurationPlatforms) = preSolution
		Debug|Any CPU = Debug|Any CPU
		Release|Any CPU = Release|Any CPU
	EndGlobalSection
	GlobalSection(ProjectConfigurationPlatforms) = postSolution
		{C0E7E6AA-9D22-478A-8AEB-6FB3C3C6A635}.Debug|Any CPU.ActiveCfg = Debug|Any CPU
		{C0E7E6AA-9D22-478A-8AEB-6FB3C3C6A635}.Debug|Any CPU.Build.0 = Debug|Any CPU
		{C0E7E6AA-9D22-478A-8AEB-6FB3C3C6A635}.Release|Any CPU.ActiveCfg = Release|Any CPU
		{C0E7E6AA-9D22-478A-8AEB-6FB3C3C6A635}.Release|Any CPU.Build.0 = Release|Any CPU
		{6C1F29A5-9331-47F2-BA6A-283F90089A46}.Debug|Any CPU.ActiveCfg = Debug|Any CPU
		{6C1F29A5-9331-47F2-BA6A-283F90089A46}.Debug|Any CPU.Build.0 = Debug|Any CPU
		{6C1F29A5-9331-47F2-BA6A-283F90089A46}.Release|Any CPU.ActiveCfg = Release|Any CPU
		{6C1F29A5-9331-47F2-BA6A-283F90089A46}.Release|Any CPU.Build.0 = Release|Any CPU
		{8B2F7DE3-8F79-49C5-A05D-2724E184A1DE}.Debug|Any CPU.ActiveCfg = Debug|Any CPU
		{8B2F7DE3-8F79-49C5-A05D-2724E184A1DE}.Debug|Any CPU.Build.0 = Debug|Any CPU
		{8B2F7DE3-8F79-49C5-A05D-2724E184A1DE}.Release|Any CPU.ActiveCfg = Release|Any CPU
		{8B2F7DE3-8F79-49C5-A05D-2724E184A1DE}.Release|Any CPU.Build.0 = Release|Any CPU
	EndGlobalSection
	GlobalSection(SolutionProperties) = preSolution
		HideSolutionNode = FALSE
	EndGlobalSection
	GlobalSection(ExtensibilityGlobals) = postSolution
		SolutionGuid = {3D45AE65-0FF5-4B53-A564-78B7468BB014}
	EndGlobalSection
EndGlobal
